{
  "name": "angular2-signaturepad",
  "version": "2.11.1",
  "lockfileVersion": 1,
  "requires": true,
  "dependencies": {
    "@types/signature_pad": {
      "version": "2.3.1",
      "resolved": "https://registry.npmjs.org/@types/signature_pad/-/signature_pad-2.3.1.tgz",
      "integrity": "sha512-HkR1CI0PevD1SszwHnegaXFKLXL5cAkYf0iiZI4cJqcs/zNL+pMfbnI3X5HRfagrRA40yjC1VKL64q0w3SWIow==",
      "dev": true
    }
  }
}
